
Microsoft Visual Studio Solution File, Format Version 12.00
# Visual Studio Version 17
VisualStudioVersion = 17.6.33815.320
MinimumVisualStudioVersion = 10.0.40219.1
Project("{FAE04EC0-301F-11D3-BF4B-00C04F79EFBC}") = "Biblioteca", "Biblioteca\Biblioteca.csproj", "{4D6500D6-39CF-44A0-B89F-C764F906F041}"
EndProject
Global
	GlobalSection(SolutionConfigurationPlatforms) = preSolution
		Debug|Any CPU = Debug|Any CPU
		Release|Any CPU = Release|Any CPU
	EndGlobalSection
	GlobalSection(ProjectConfigurationPlatforms) = postSolution
		{4D6500D6-39CF-44A0-B89F-C764F906F041}.Debug|Any CPU.ActiveCfg = Debug|Any CPU
		{4D6500D6-39CF-44A0-B89F-C764F906F041}.Debug|Any CPU.Build.0 = Debug|Any CPU
		{4D6500D6-39CF-44A0-B89F-C764F906F041}.Release|Any CPU.ActiveCfg = Release|Any CPU
		{4D6500D6-39CF-44A0-B89F-C764F906F041}.Release|Any CPU.Build.0 = Release|Any CPU
	EndGlobalSection
	GlobalSection(SolutionProperties) = preSolution
		HideSolutionNode = FALSE
	EndGlobalSection
	GlobalSection(ExtensibilityGlobals) = postSolution
		SolutionGuid = {A977A7D5-152E-4CB1-909B-38A4BEB0479C}
	EndGlobalSection
EndGlobal
